// !$*UTF8*$!
{
	archiveVersion = 1;
	classes = {
	};
	objectVersion = 50;
	objects = {

/* Begin PBXBuildFile section */
		9A5A708A25AD2F3600A0AF24 /* AppDelegate.m in Sources */ = {isa = PBXBuildFile; fileRef = 9A5A708925AD2F3600A0AF24 /* AppDelegate.m */; };
		9A5A708D25AD2F3600A0AF24 /* SceneDelegate.m in Sources */ = {isa = PBXBuildFile; fileRef = 9A5A708C25AD2F3600A0AF24 /* SceneDelegate.m */; };
		9A5A709325AD2F3600A0AF24 /* Main.storyboard in Resources */ = {isa = PBXBuildFile; fileRef = 9A5A709125AD2F3600A0AF24 /* Main.storyboard */; };
		9A5A709525AD2F3800A0AF24 /* Assets.xcassets in Resources */ = {isa = PBXBuildFile; fileRef = 9A5A709425AD2F3800A0AF24 /* Assets.xcassets */; };
		9A5A709825AD2F3800A0AF24 /* LaunchScreen.storyboard in Resources */ = {isa = PBXBuildFile; fileRef = 9A5A709625AD2F3800A0AF24 /* LaunchScreen.storyboard */; };
		9A5A709B25AD2F3800A0AF24 /* main.m in Sources */ = {isa = PBXBuildFile; fileRef = 9A5A709A25AD2F3800A0AF24 /* main.m */; };
		9A5A70A525AD2F3800A0AF24 /* Movies_ListTests.m in Sources */ = {isa = PBXBuildFile; fileRef = 9A5A70A425AD2F3800A0AF24 /* Movies_ListTests.m */; };
		9A5A70B025AD2F3800A0AF24 /* Movies_ListUITests.m in Sources */ = {isa = PBXBuildFile; fileRef = 9A5A70AF25AD2F3800A0AF24 /* Movies_ListUITests.m */; };
		9A5A70C525AD38EE00A0AF24 /* AllMoviesController.m in Sources */ = {isa = PBXBuildFile; fileRef = 9A5A70C425AD38EE00A0AF24 /* AllMoviesController.m */; };
		9A8D31E525AD3F2000628754 /* Movie.m in Sources */ = {isa = PBXBuildFile; fileRef = 9A8D31E425AD3F2000628754 /* Movie.m */; };
		9A8D31EF25AD59EA00628754 /* MovieCell.m in Sources */ = {isa = PBXBuildFile; fileRef = 9A8D31ED25AD59EA00628754 /* MovieCell.m */; };
		9A8D31F025AD59EA00628754 /* MovieCell.xib in Resources */ = {isa = PBXBuildFile; fileRef = 9A8D31EE25AD59EA00628754 /* MovieCell.xib */; };
		9AB9E81425AD82AF0087C87F /* MyMoviesController.m in Sources */ = {isa = PBXBuildFile; fileRef = 9AB9E81325AD82AF0087C87F /* MyMoviesController.m */; };
		9AB9E81A25AD82C60087C87F /* AddNewMovieController.m in Sources */ = {isa = PBXBuildFile; fileRef = 9AB9E81925AD82C60087C87F /* AddNewMovieController.m */; };
		9AB9E82125AD915B0087C87F /* Helpers.m in Sources */ = {isa = PBXBuildFile; fileRef = 9AB9E82025AD915B0087C87F /* Helpers.m */; };
/* End PBXBuildFile section */

/* Begin PBXContainerItemProxy section */
		9A5A70A125AD2F3800A0AF24 /* PBXContainerItemProxy */ = {
			isa = PBXContainerItemProxy;
			containerPortal = 9A5A707D25AD2F3600A0AF24 /* Project object */;
			proxyType = 1;
			remoteGlobalIDString = 9A5A708425AD2F3600A0AF24;
			remoteInfo = "Movies List";
		};
		9A5A70AC25AD2F3800A0AF24 /* PBXContainerItemProxy */ = {
			isa = PBXContainerItemProxy;
			containerPortal = 9A5A707D25AD2F3600A0AF24 /* Project object */;
			proxyType = 1;
			remoteGlobalIDString = 9A5A708425AD2F3600A0AF24;
			remoteInfo = "Movies List";
		};
/* End PBXContainerItemProxy section */

/* Begin PBXFileReference section */
		9A5A708525AD2F3600A0AF24 /* Movies List.app */ = {isa = PBXFileReference; explicitFileType = wrapper.application; includeInIndex = 0; path = "Movies List.app"; sourceTree = BUILT_PRODUCTS_DIR; };
		9A5A708825AD2F3600A0AF24 /* AppDelegate.h */ = {isa = PBXFileReference; lastKnownFileType = sourcecode.c.h; path = AppDelegate.h; sourceTree = "<group>"; };
		9A5A708925AD2F3600A0AF24 /* AppDelegate.m */ = {isa = PBXFileReference; lastKnownFileType = sourcecode.c.objc; path = AppDelegate.m; sourceTree = "<group>"; };
		9A5A708B25AD2F3600A0AF24 /* SceneDelegate.h */ = {isa = PBXFileReference; lastKnownFileType = sourcecode.c.h; path = SceneDelegate.h; sourceTree = "<group>"; };
		9A5A708C25AD2F3600A0AF24 /* SceneDelegate.m */ = {isa = PBXFileReference; lastKnownFileType = sourcecode.c.objc; path = SceneDelegate.m; sourceTree = "<group>"; };
		9A5A709225AD2F3600A0AF24 /* Base */ = {isa = PBXFileReference; lastKnownFileType = file.storyboard; name = Base; path = Base.lproj/Main.storyboard; sourceTree = "<group>"; };
		9A5A709425AD2F3800A0AF24 /* Assets.xcassets */ = {isa = PBXFileReference; lastKnownFileType = folder.assetcatalog; path = Assets.xcassets; sourceTree = "<group>"; };
		9A5A709725AD2F3800A0AF24 /* Base */ = {isa = PBXFileReference; lastKnownFileType = file.storyboard; name = Base; path = Base.lproj/LaunchScreen.storyboard; sourceTree = "<group>"; };
		9A5A709925AD2F3800A0AF24 /* Info.plist */ = {isa = PBXFileReference; lastKnownFileType = text.plist.xml; path = Info.plist; sourceTree = "<group>"; };
		9A5A709A25AD2F3800A0AF24 /* main.m */ = {isa = PBXFileReference; lastKnownFileType = sourcecode.c.objc; path = main.m; sourceTree = "<group>"; };
		9A5A70A025AD2F3800A0AF24 /* Movies ListTests.xctest */ = {isa = PBXFileReference; explicitFileType = wrapper.cfbundle; includeInIndex = 0; path = "Movies ListTests.xctest"; sourceTree = BUILT_PRODUCTS_DIR; };
		9A5A70A425AD2F3800A0AF24 /* Movies_ListTests.m */ = {isa = PBXFileReference; lastKnownFileType = sourcecode.c.objc; path = Movies_ListTests.m; sourceTree = "<group>"; };
		9A5A70A625AD2F3800A0AF24 /* Info.plist */ = {isa = PBXFileReference; lastKnownFileType = text.plist.xml; path = Info.plist; sourceTree = "<group>"; };
		9A5A70AB25AD2F3800A0AF24 /* Movies ListUITests.xctest */ = {isa = PBXFileReference; explicitFileType = wrapper.cfbundle; includeInIndex = 0; path = "Movies ListUITests.xctest"; sourceTree = BUILT_PRODUCTS_DIR; };
		9A5A70AF25AD2F3800A0AF24 /* Movies_ListUITests.m */ = {isa = PBXFileReference; lastKnownFileType = sourcecode.c.objc; path = Movies_ListUITests.m; sourceTree = "<group>"; };
		9A5A70B125AD2F3800A0AF24 /* Info.plist */ = {isa = PBXFileReference; lastKnownFileType = text.plist.xml; path = Info.plist; sourceTree = "<group>"; };
		9A5A70C325AD38EE00A0AF24 /* AllMoviesController.h */ = {isa = PBXFileReference; lastKnownFileType = sourcecode.c.h; path = AllMoviesController.h; sourceTree = "<group>"; };
		9A5A70C425AD38EE00A0AF24 /* AllMoviesController.m */ = {isa = PBXFileReference; lastKnownFileType = sourcecode.c.objc; path = AllMoviesController.m; sourceTree = "<group>"; };
		9A8D31E325AD3F2000628754 /* Movie.h */ = {isa = PBXFileReference; lastKnownFileType = sourcecode.c.h; path = Movie.h; sourceTree = "<group>"; };
		9A8D31E425AD3F2000628754 /* Movie.m */ = {isa = PBXFileReference; lastKnownFileType = sourcecode.c.objc; path = Movie.m; sourceTree = "<group>"; };
		9A8D31EC25AD59EA00628754 /* MovieCell.h */ = {isa = PBXFileReference; lastKnownFileType = sourcecode.c.h; path = MovieCell.h; sourceTree = "<group>"; };
		9A8D31ED25AD59EA00628754 /* MovieCell.m */ = {isa = PBXFileReference; lastKnownFileType = sourcecode.c.objc; path = MovieCell.m; sourceTree = "<group>"; };
		9A8D31EE25AD59EA00628754 /* MovieCell.xib */ = {isa = PBXFileReference; lastKnownFileType = file.xib; path = MovieCell.xib; sourceTree = "<group>"; };
		9AB9E81225AD82AF0087C87F /* MyMoviesController.h */ = {isa = PBXFileReference; lastKnownFileType = sourcecode.c.h; path = MyMoviesController.h; sourceTree = "<group>"; };
		9AB9E81325AD82AF0087C87F /* MyMoviesController.m */ = {isa = PBXFileReference; lastKnownFileType = sourcecode.c.objc; path = MyMoviesController.m; sourceTree = "<group>"; };
		9AB9E81825AD82C60087C87F /* AddNewMovieController.h */ = {isa = PBXFileReference; lastKnownFileType = sourcecode.c.h; path = AddNewMovieController.h; sourceTree = "<group>"; };
		9AB9E81925AD82C60087C87F /* AddNewMovieController.m */ = {isa = PBXFileReference; lastKnownFileType = sourcecode.c.objc; path = AddNewMovieController.m; sourceTree = "<group>"; };
		9AB9E81F25AD915B0087C87F /* Helpers.h */ = {isa = PBXFileReference; lastKnownFileType = sourcecode.c.h; path = Helpers.h; sourceTree = "<group>"; };
		9AB9E82025AD915B0087C87F /* Helpers.m */ = {isa = PBXFileReference; lastKnownFileType = sourcecode.c.objc; path = Helpers.m; sourceTree = "<group>"; };
/* End PBXFileReference section */

/* Begin PBXFrameworksBuildPhase section */
		9A5A708225AD2F3600A0AF24 /* Frameworks */ = {
			isa = PBXFrameworksBuildPhase;
			buildActionMask = 2147483647;
			files = (
			);
			runOnlyForDeploymentPostprocessing = 0;
		};
		9A5A709D25AD2F3800A0AF24 /* Frameworks */ = {
			isa = PBXFrameworksBuildPhase;
			buildActionMask = 2147483647;
			files = (
			);
			runOnlyForDeploymentPostprocessing = 0;
		};
		9A5A70A825AD2F3800A0AF24 /* Frameworks */ = {
			isa = PBXFrameworksBuildPhase;
			buildActionMask = 2147483647;
			files = (
			);
			runOnlyForDeploymentPostprocessing = 0;
		};
/* End PBXFrameworksBuildPhase section */

/* Begin PBXGroup section */
		9A5A707C25AD2F3600A0AF24 = {
			isa = PBXGroup;
			children = (
				9A5A708725AD2F3600A0AF24 /* Movies List */,
				9A5A70A325AD2F3800A0AF24 /* Movies ListTests */,
				9A5A70AE25AD2F3800A0AF24 /* Movies ListUITests */,
				9A5A708625AD2F3600A0AF24 /* Products */,
			);
			sourceTree = "<group>";
		};
		9A5A708625AD2F3600A0AF24 /* Products */ = {
			isa = PBXGroup;
			children = (
				9A5A708525AD2F3600A0AF24 /* Movies List.app */,
				9A5A70A025AD2F3800A0AF24 /* Movies ListTests.xctest */,
				9A5A70AB25AD2F3800A0AF24 /* Movies ListUITests.xctest */,
			);
			name = Products;
			sourceTree = "<group>";
		};
		9A5A708725AD2F3600A0AF24 /* Movies List */ = {
			isa = PBXGroup;
			children = (
				9AB9E81E25AD914D0087C87F /* Helpers */,
				9A5A70CF25AD396C00A0AF24 /* Core */,
				9A5A70CE25AD395E00A0AF24 /* Resources */,
				9A8D31E225AD3EE400628754 /* Model */,
				9A5A70CD25AD392600A0AF24 /* Views */,
				9A5A70D325AD39EE00A0AF24 /* Storyboards */,
				9A5A70CC25AD38FC00A0AF24 /* Controllers */,
				9A5A709925AD2F3800A0AF24 /* Info.plist */,
				9A5A709A25AD2F3800A0AF24 /* main.m */,
			);
			path = "Movies List";
			sourceTree = "<group>";
		};
		9A5A70A325AD2F3800A0AF24 /* Movies ListTests */ = {
			isa = PBXGroup;
			children = (
				9A5A70A425AD2F3800A0AF24 /* Movies_ListTests.m */,
				9A5A70A625AD2F3800A0AF24 /* Info.plist */,
			);
			path = "Movies ListTests";
			sourceTree = "<group>";
		};
		9A5A70AE25AD2F3800A0AF24 /* Movies ListUITests */ = {
			isa = PBXGroup;
			children = (
				9A5A70AF25AD2F3800A0AF24 /* Movies_ListUITests.m */,
				9A5A70B125AD2F3800A0AF24 /* Info.plist */,
			);
			path = "Movies ListUITests";
			sourceTree = "<group>";
		};
		9A5A70CC25AD38FC00A0AF24 /* Controllers */ = {
			isa = PBXGroup;
			children = (
				9A5A70C325AD38EE00A0AF24 /* AllMoviesController.h */,
				9A5A70C425AD38EE00A0AF24 /* AllMoviesController.m */,
				9AB9E81225AD82AF0087C87F /* MyMoviesController.h */,
				9AB9E81325AD82AF0087C87F /* MyMoviesController.m */,
				9AB9E81825AD82C60087C87F /* AddNewMovieController.h */,
				9AB9E81925AD82C60087C87F /* AddNewMovieController.m */,
			);
			path = Controllers;
			sourceTree = "<group>";
		};
		9A5A70CD25AD392600A0AF24 /* Views */ = {
			isa = PBXGroup;
			children = (
				9A8D31EC25AD59EA00628754 /* MovieCell.h */,
				9A8D31ED25AD59EA00628754 /* MovieCell.m */,
				9A8D31EE25AD59EA00628754 /* MovieCell.xib */,
			);
			path = Views;
			sourceTree = "<group>";
		};
		9A5A70CE25AD395E00A0AF24 /* Resources */ = {
			isa = PBXGroup;
			children = (
				9A5A709425AD2F3800A0AF24 /* Assets.xcassets */,
			);
			path = Resources;
			sourceTree = "<group>";
		};
		9A5A70CF25AD396C00A0AF24 /* Core */ = {
			isa = PBXGroup;
			children = (
				9A5A708825AD2F3600A0AF24 /* AppDelegate.h */,
				9A5A708925AD2F3600A0AF24 /* AppDelegate.m */,
				9A5A708B25AD2F3600A0AF24 /* SceneDelegate.h */,
				9A5A708C25AD2F3600A0AF24 /* SceneDelegate.m */,
			);
			path = Core;
			sourceTree = "<group>";
		};
		9A5A70D325AD39EE00A0AF24 /* Storyboards */ = {
			isa = PBXGroup;
			children = (
				9A5A709125AD2F3600A0AF24 /* Main.storyboard */,
				9A5A709625AD2F3800A0AF24 /* LaunchScreen.storyboard */,
			);
			path = Storyboards;
			sourceTree = "<group>";
		};
		9A8D31E225AD3EE400628754 /* Model */ = {
			isa = PBXGroup;
			children = (
				9A8D31E325AD3F2000628754 /* Movie.h */,
				9A8D31E425AD3F2000628754 /* Movie.m */,
			);
			path = Model;
			sourceTree = "<group>";
		};
		9AB9E81E25AD914D0087C87F /* Helpers */ = {
			isa = PBXGroup;
			children = (
				9AB9E81F25AD915B0087C87F /* Helpers.h */,
				9AB9E82025AD915B0087C87F /* Helpers.m */,
			);
			path = Helpers;
			sourceTree = "<group>";
		};
/* End PBXGroup section */

/* Begin PBXNativeTarget section */
		9A5A708425AD2F3600A0AF24 /* Movies List */ = {
			isa = PBXNativeTarget;
			buildConfigurationList = 9A5A70B425AD2F3800A0AF24 /* Build configuration list for PBXNativeTarget "Movies List" */;
			buildPhases = (
				9A5A708125AD2F3600A0AF24 /* Sources */,
				9A5A708225AD2F3600A0AF24 /* Frameworks */,
				9A5A708325AD2F3600A0AF24 /* Resources */,
			);
			buildRules = (
			);
			dependencies = (
			);
			name = "Movies List";
			productName = "Movies List";
			productReference = 9A5A708525AD2F3600A0AF24 /* Movies List.app */;
			productType = "com.apple.product-type.application";
		};
		9A5A709F25AD2F3800A0AF24 /* Movies ListTests */ = {
			isa = PBXNativeTarget;
			buildConfigurationList = 9A5A70B725AD2F3800A0AF24 /* Build configuration list for PBXNativeTarget "Movies ListTests" */;
			buildPhases = (
				9A5A709C25AD2F3800A0AF24 /* Sources */,
				9A5A709D25AD2F3800A0AF24 /* Frameworks */,
				9A5A709E25AD2F3800A0AF24 /* Resources */,
			);
			buildRules = (
			);
			dependencies = (
				9A5A70A225AD2F3800A0AF24 /* PBXTargetDependency */,
			);
			name = "Movies ListTests";
			productName = "Movies ListTests";
			productReference = 9A5A70A025AD2F3800A0AF24 /* Movies ListTests.xctest */;
			productType = "com.apple.product-type.bundle.unit-test";
		};
		9A5A70AA25AD2F3800A0AF24 /* Movies ListUITests */ = {
			isa = PBXNativeTarget;
			buildConfigurationList = 9A5A70BA25AD2F3800A0AF24 /* Build configuration list for PBXNativeTarget "Movies ListUITests" */;
			buildPhases = (
				9A5A70A725AD2F3800A0AF24 /* Sources */,
				9A5A70A825AD2F3800A0AF24 /* Frameworks */,
				9A5A70A925AD2F3800A0AF24 /* Resources */,
			);
			buildRules = (
			);
			dependencies = (
				9A5A70AD25AD2F3800A0AF24 /* PBXTargetDependency */,
			);
			name = "Movies ListUITests";
			productName = "Movies ListUITests";
			productReference = 9A5A70AB25AD2F3800A0AF24 /* Movies ListUITests.xctest */;
			productType = "com.apple.product-type.bundle.ui-testing";
		};
/* End PBXNativeTarget section */

/* Begin PBXProject section */
		9A5A707D25AD2F3600A0AF24 /* Project object */ = {
			isa = PBXProject;
			attributes = {
				LastUpgradeCheck = 1230;
				TargetAttributes = {
					9A5A708425AD2F3600A0AF24 = {
						CreatedOnToolsVersion = 12.3;
					};
					9A5A709F25AD2F3800A0AF24 = {
						CreatedOnToolsVersion = 12.3;
						TestTargetID = 9A5A708425AD2F3600A0AF24;
					};
					9A5A70AA25AD2F3800A0AF24 = {
						CreatedOnToolsVersion = 12.3;
						TestTargetID = 9A5A708425AD2F3600A0AF24;
					};
				};
			};
			buildConfigurationList = 9A5A708025AD2F3600A0AF24 /* Build configuration list for PBXProject "Movies List" */;
			compatibilityVersion = "Xcode 9.3";
			developmentRegion = en;
			hasScannedForEncodings = 0;
			knownRegions = (
				en,
				Base,
			);
			mainGroup = 9A5A707C25AD2F3600A0AF24;
			productRefGroup = 9A5A708625AD2F3600A0AF24 /* Products */;
			projectDirPath = "";
			projectRoot = "";
			targets = (
				9A5A708425AD2F3600A0AF24 /* Movies List */,
				9A5A709F25AD2F3800A0AF24 /* Movies ListTests */,
				9A5A70AA25AD2F3800A0AF24 /* Movies ListUITests */,
			);
		};
/* End PBXProject section */

/* Begin PBXResourcesBuildPhase section */
		9A5A708325AD2F3600A0AF24 /* Resources */ = {
			isa = PBXResourcesBuildPhase;
			buildActionMask = 2147483647;
			files = (
				9A5A709825AD2F3800A0AF24 /* LaunchScreen.storyboard in Resources */,
				9A5A709525AD2F3800A0AF24 /* Assets.xcassets in Resources */,
				9A8D31F025AD59EA00628754 /* MovieCell.xib in Resources */,
				9A5A709325AD2F3600A0AF24 /* Main.storyboard in Resources */,
			);
			runOnlyForDeploymentPostprocessing = 0;
		};
		9A5A709E25AD2F3800A0AF24 /* Resources */ = {
			isa = PBXResourcesBuildPhase;
			buildActionMask = 2147483647;
			files = (
			);
			runOnlyForDeploymentPostprocessing = 0;
		};
		9A5A70A925AD2F3800A0AF24 /* Resources */ = {
			isa = PBXResourcesBuildPhase;
			buildActionMask = 2147483647;
			files = (
			);
			runOnlyForDeploymentPostprocessing = 0;
		};
/* End PBXResourcesBuildPhase section */

/* Begin PBXSourcesBuildPhase section */
		9A5A708125AD2F3600A0AF24 /* Sources */ = {
			isa = PBXSourcesBuildPhase;
			buildActionMask = 2147483647;
			files = (
				9A5A70C525AD38EE00A0AF24 /* AllMoviesController.m in Sources */,
				9AB9E81A25AD82C60087C87F /* AddNewMovieController.m in Sources */,
				9A5A708A25AD2F3600A0AF24 /* AppDelegate.m in Sources */,
				9A8D31EF25AD59EA00628754 /* MovieCell.m in Sources */,
				9AB9E81425AD82AF0087C87F /* MyMoviesController.m in Sources */,
				9A8D31E525AD3F2000628754 /* Movie.m in Sources */,
				9AB9E82125AD915B0087C87F /* Helpers.m in Sources */,
				9A5A709B25AD2F3800A0AF24 /* main.m in Sources */,
				9A5A708D25AD2F3600A0AF24 /* SceneDelegate.m in Sources */,
			);
			runOnlyForDeploymentPostprocessing = 0;
		};
		9A5A709C25AD2F3800A0AF24 /* Sources */ = {
			isa = PBXSourcesBuildPhase;
			buildActionMask = 2147483647;
			files = (
				9A5A70A525AD2F3800A0AF24 /* Movies_ListTests.m in Sources */,
			);
			runOnlyForDeploymentPostprocessing = 0;
		};
		9A5A70A725AD2F3800A0AF24 /* Sources */ = {
			isa = PBXSourcesBuildPhase;
			buildActionMask = 2147483647;
			files = (
				9A5A70B025AD2F3800A0AF24 /* Movies_ListUITests.m in Sources */,
			);
			runOnlyForDeploymentPostprocessing = 0;
		};
/* End PBXSourcesBuildPhase section */

/* Begin PBXTargetDependency section */
		9A5A70A225AD2F3800A0AF24 /* PBXTargetDependency */ = {
			isa = PBXTargetDependency;
			target = 9A5A708425AD2F3600A0AF24 /* Movies List */;
			targetProxy = 9A5A70A125AD2F3800A0AF24 /* PBXContainerItemProxy */;
		};
		9A5A70AD25AD2F3800A0AF24 /* PBXTargetDependency */ = {
			isa = PBXTargetDependency;
			target = 9A5A708425AD2F3600A0AF24 /* Movies List */;
			targetProxy = 9A5A70AC25AD2F3800A0AF24 /* PBXContainerItemProxy */;
		};
/* End PBXTargetDependency section */

/* Begin PBXVariantGroup section */
		9A5A709125AD2F3600A0AF24 /* Main.storyboard */ = {
			isa = PBXVariantGroup;
			children = (
				9A5A709225AD2F3600A0AF24 /* Base */,
			);
			name = Main.storyboard;
			sourceTree = "<group>";
		};
		9A5A709625AD2F3800A0AF24 /* LaunchScreen.storyboard */ = {
			isa = PBXVariantGroup;
			children = (
				9A5A709725AD2F3800A0AF24 /* Base */,
			);
			name = LaunchScreen.storyboard;
			sourceTree = "<group>";
		};
/* End PBXVariantGroup section */

/* Begin XCBuildConfiguration section */
		9A5A70B225AD2F3800A0AF24 /* Debug */ = {
			isa = XCBuildConfiguration;
			buildSettings = {
				ALWAYS_SEARCH_USER_PATHS = NO;
				CLANG_ANALYZER_NONNULL = YES;
				CLANG_ANALYZER_NUMBER_OBJECT_CONVERSION = YES_AGGRESSIVE;
				CLANG_CXX_LANGUAGE_STANDARD = "gnu++14";
				CLANG_CXX_LIBRARY = "libc++";
				CLANG_ENABLE_MODULES = YES;
				CLANG_ENABLE_OBJC_ARC = YES;
				CLANG_ENABLE_OBJC_WEAK = YES;
				CLANG_WARN_BLOCK_CAPTURE_AUTORELEASING = YES;
				CLANG_WARN_BOOL_CONVERSION = YES;
				CLANG_WARN_COMMA = YES;
				CLANG_WARN_CONSTANT_CONVERSION = YES;
				CLANG_WARN_DEPRECATED_OBJC_IMPLEMENTATIONS = YES;
				CLANG_WARN_DIRECT_OBJC_ISA_USAGE = YES_ERROR;
				CLANG_WARN_DOCUMENTATION_COMMENTS = YES;
				CLANG_WARN_EMPTY_BODY = YES;
				CLANG_WARN_ENUM_CONVERSION = YES;
				CLANG_WARN_INFINITE_RECURSION = YES;
				CLANG_WARN_INT_CONVERSION = YES;
				CLANG_WARN_NON_LITERAL_NULL_CONVERSION = YES;
				CLANG_WARN_OBJC_IMPLICIT_RETAIN_SELF = YES;
				CLANG_WARN_OBJC_LITERAL_CONVERSION = YES;
				CLANG_WARN_OBJC_ROOT_CLASS = YES_ERROR;
				CLANG_WARN_QUOTED_INCLUDE_IN_FRAMEWORK_HEADER = YES;
				CLANG_WARN_RANGE_LOOP_ANALYSIS = YES;
				CLANG_WARN_STRICT_PROTOTYPES = YES;
				CLANG_WARN_SUSPICIOUS_MOVE = YES;
				CLANG_WARN_UNGUARDED_AVAILABILITY = YES_AGGRESSIVE;
				CLANG_WARN_UNREACHABLE_CODE = YES;
				CLANG_WARN__DUPLICATE_METHOD_MATCH = YES;
				COPY_PHASE_STRIP = NO;
				DEBUG_INFORMATION_FORMAT = dwarf;
				ENABLE_STRICT_OBJC_MSGSEND = YES;
				ENABLE_TESTABILITY = YES;
				GCC_C_LANGUAGE_STANDARD = gnu11;
				GCC_DYNAMIC_NO_PIC = NO;
				GCC_NO_COMMON_BLOCKS = YES;
				GCC_OPTIMIZATION_LEVEL = 0;
				GCC_PREPROCESSOR_DEFINITIONS = (
					"DEBUG=1",
					"$(inherited)",
				);
				GCC_WARN_64_TO_32_BIT_CONVERSION = YES;
				GCC_WARN_ABOUT_RETURN_TYPE = YES_ERROR;
				GCC_WARN_UNDECLARED_SELECTOR = YES;
				GCC_WARN_UNINITIALIZED_AUTOS = YES_AGGRESSIVE;
				GCC_WARN_UNUSED_FUNCTION = YES;
				GCC_WARN_UNUSED_VARIABLE = YES;
				IPHONEOS_DEPLOYMENT_TARGET = 14.3;
				MTL_ENABLE_DEBUG_INFO = INCLUDE_SOURCE;
				MTL_FAST_MATH = YES;
				ONLY_ACTIVE_ARCH = YES;
				SDKROOT = iphoneos;
			};
			name = Debug;
		};
		9A5A70B325AD2F3800A0AF24 /* Release */ = {
			isa = XCBuildConfiguration;
			buildSettings = {
				ALWAYS_SEARCH_USER_PATHS = NO;
				CLANG_ANALYZER_NONNULL = YES;
				CLANG_ANALYZER_NUMBER_OBJECT_CONVERSION = YES_AGGRESSIVE;
				CLANG_CXX_LANGUAGE_STANDARD = "gnu++14";
				CLANG_CXX_LIBRARY = "libc++";
				CLANG_ENABLE_MODULES = YES;
				CLANG_ENABLE_OBJC_ARC = YES;
				CLANG_ENABLE_OBJC_WEAK = YES;
				CLANG_WARN_BLOCK_CAPTURE_AUTORELEASING = YES;
				CLANG_WARN_BOOL_CONVERSION = YES;
				CLANG_WARN_COMMA = YES;
				CLANG_WARN_CONSTANT_CONVERSION = YES;
				CLANG_WARN_DEPRECATED_OBJC_IMPLEMENTATIONS = YES;
				CLANG_WARN_DIRECT_OBJC_ISA_USAGE = YES_ERROR;
				CLANG_WARN_DOCUMENTATION_COMMENTS = YES;
				CLANG_WARN_EMPTY_BODY = YES;
				CLANG_WARN_ENUM_CONVERSION = YES;
				CLANG_WARN_INFINITE_RECURSION = YES;
				CLANG_WARN_INT_CONVERSION = YES;
				CLANG_WARN_NON_LITERAL_NULL_CONVERSION = YES;
				CLANG_WARN_OBJC_IMPLICIT_RETAIN_SELF = YES;
				CLANG_WARN_OBJC_LITERAL_CONVERSION = YES;
				CLANG_WARN_OBJC_ROOT_CLASS = YES_ERROR;
				CLANG_WARN_QUOTED_INCLUDE_IN_FRAMEWORK_HEADER = YES;
				CLANG_WARN_RANGE_LOOP_ANALYSIS = YES;
				CLANG_WARN_STRICT_PROTOTYPES = YES;
				CLANG_WARN_SUSPICIOUS_MOVE = YES;
				CLANG_WARN_UNGUARDED_AVAILABILITY = YES_AGGRESSIVE;
				CLANG_WARN_UNREACHABLE_CODE = YES;
				CLANG_WARN__DUPLICATE_METHOD_MATCH = YES;
				COPY_PHASE_STRIP = NO;
				DEBUG_INFORMATION_FORMAT = "dwarf-with-dsym";
				ENABLE_NS_ASSERTIONS = NO;
				ENABLE_STRICT_OBJC_MSGSEND = YES;
				GCC_C_LANGUAGE_STANDARD = gnu11;
				GCC_NO_COMMON_BLOCKS = YES;
				GCC_WARN_64_TO_32_BIT_CONVERSION = YES;
				GCC_WARN_ABOUT_RETURN_TYPE = YES_ERROR;
				GCC_WARN_UNDECLARED_SELECTOR = YES;
				GCC_WARN_UNINITIALIZED_AUTOS = YES_AGGRESSIVE;
				GCC_WARN_UNUSED_FUNCTION = YES;
				GCC_WARN_UNUSED_VARIABLE = YES;
				IPHONEOS_DEPLOYMENT_TARGET = 14.3;
				MTL_ENABLE_DEBUG_INFO = NO;
				MTL_FAST_MATH = YES;
				SDKROOT = iphoneos;
				VALIDATE_PRODUCT = YES;
			};
			name = Release;
		};
		9A5A70B525AD2F3800A0AF24 /* Debug */ = {
			isa = XCBuildConfiguration;
			buildSettings = {
				ASSETCATALOG_COMPILER_APPICON_NAME = AppIcon;
				ASSETCATALOG_COMPILER_GLOBAL_ACCENT_COLOR_NAME = AccentColor;
				CODE_SIGN_STYLE = Automatic;
				DEVELOPMENT_TEAM = FU2UF7PUK9;
				INFOPLIST_FILE = "Movies List/Info.plist";
				LD_RUNPATH_SEARCH_PATHS = (
					"$(inherited)",
					"@executable_path/Frameworks",
				);
				PRODUCT_BUNDLE_IDENTIFIER = "xyz.heldesouky.Movies-List";
				PRODUCT_NAME = "$(TARGET_NAME)";
				TARGETED_DEVICE_FAMILY = 1;
			};
			name = Debug;
		};
		9A5A70B625AD2F3800A0AF24 /* Release */ = {
			isa = XCBuildConfiguration;
			buildSettings = {
				ASSETCATALOG_COMPILER_APPICON_NAME = AppIcon;
				ASSETCATALOG_COMPILER_GLOBAL_ACCENT_COLOR_NAME = AccentColor;
				CODE_SIGN_STYLE = Automatic;
				DEVELOPMENT_TEAM = FU2UF7PUK9;
				INFOPLIST_FILE = "Movies List/Info.plist";
				LD_RUNPATH_SEARCH_PATHS = (
					"$(inherited)",
					"@executable_path/Frameworks",
				);
				PRODUCT_BUNDLE_IDENTIFIER = "xyz.heldesouky.Movies-List";
				PRODUCT_NAME = "$(TARGET_NAME)";
				TARGETED_DEVICE_FAMILY = 1;
			};
			name = Release;
		};
		9A5A70B825AD2F3800A0AF24 /* Debug */ = {
			isa = XCBuildConfiguration;
			buildSettings = {
				BUNDLE_LOADER = "$(TEST_HOST)";
				CODE_SIGN_STYLE = Automatic;
				DEVELOPMENT_TEAM = FU2UF7PUK9;
				INFOPLIST_FILE = "Movies ListTests/Info.plist";
				IPHONEOS_DEPLOYMENT_TARGET = 14.3;
				LD_RUNPATH_SEARCH_PATHS = (
					"$(inherited)",
					"@executable_path/Frameworks",
					"@loader_path/Frameworks",
				);
				PRODUCT_BUNDLE_IDENTIFIER = "xyz.heldesouky.Movies-ListTests";
				PRODUCT_NAME = "$(TARGET_NAME)";
				TARGETED_DEVICE_FAMILY = "1,2";
				TEST_HOST = "$(BUILT_PRODUCTS_DIR)/Movies List.app/Movies List";
			};
			name = Debug;
		};
		9A5A70B925AD2F3800A0AF24 /* Release */ = {
			isa = XCBuildConfiguration;
			buildSettings = {
				BUNDLE_LOADER = "$(TEST_HOST)";
				CODE_SIGN_STYLE = Automatic;
				DEVELOPMENT_TEAM = FU2UF7PUK9;
				INFOPLIST_FILE = "Movies ListTests/Info.plist";
				IPHONEOS_DEPLOYMENT_TARGET = 14.3;
				LD_RUNPATH_SEARCH_PATHS = (
					"$(inherited)",
					"@executable_path/Frameworks",
					"@loader_path/Frameworks",
				);
				PRODUCT_BUNDLE_IDENTIFIER = "xyz.heldesouky.Movies-ListTests";
				PRODUCT_NAME = "$(TARGET_NAME)";
				TARGETED_DEVICE_FAMILY = "1,2";
				TEST_HOST = "$(BUILT_PRODUCTS_DIR)/Movies List.app/Movies List";
			};
			name = Release;
		};
		9A5A70BB25AD2F3800A0AF24 /* Debug */ = {
			isa = XCBuildConfiguration;
			buildSettings = {
				CODE_SIGN_STYLE = Automatic;
				DEVELOPMENT_TEAM = FU2UF7PUK9;
				INFOPLIST_FILE = "Movies ListUITests/Info.plist";
				LD_RUNPATH_SEARCH_PATHS = (
					"$(inherited)",
					"@executable_path/Frameworks",
					"@loader_path/Frameworks",
				);
				PRODUCT_BUNDLE_IDENTIFIER = "xyz.heldesouky.Movies-ListUITests";
				PRODUCT_NAME = "$(TARGET_NAME)";
				TARGETED_DEVICE_FAMILY = "1,2";
				TEST_TARGET_NAME = "Movies List";
			};
			name = Debug;
		};
		9A5A70BC25AD2F3800A0AF24 /* Release */ = {
			isa = XCBuildConfiguration;
			buildSettings = {
				CODE_SIGN_STYLE = Automatic;
				DEVELOPMENT_TEAM = FU2UF7PUK9;
				INFOPLIST_FILE = "Movies ListUITests/Info.plist";
				LD_RUNPATH_SEARCH_PATHS = (
					"$(inherited)",
					"@executable_path/Frameworks",
					"@loader_path/Frameworks",
				);
				PRODUCT_BUNDLE_IDENTIFIER = "xyz.heldesouky.Movies-ListUITests";
				PRODUCT_NAME = "$(TARGET_NAME)";
				TARGETED_DEVICE_FAMILY = "1,2";
				TEST_TARGET_NAME = "Movies List";
			};
			name = Release;
		};
/* End XCBuildConfiguration section */

/* Begin XCConfigurationList section */
		9A5A708025AD2F3600A0AF24 /* Build configuration list for PBXProject "Movies List" */ = {
			isa = XCConfigurationList;
			buildConfigurations = (
				9A5A70B225AD2F3800A0AF24 /* Debug */,
				9A5A70B325AD2F3800A0AF24 /* Release */,
			);
			defaultConfigurationIsVisible = 0;
			defaultConfigurationName = Release;
		};
		9A5A70B425AD2F3800A0AF24 /* Build configuration list for PBXNativeTarget "Movies List" */ = {
			isa = XCConfigurationList;
			buildConfigurations = (
				9A5A70B525AD2F3800A0AF24 /* Debug */,
				9A5A70B625AD2F3800A0AF24 /* Release */,
			);
			defaultConfigurationIsVisible = 0;
			defaultConfigurationName = Release;
		};
		9A5A70B725AD2F3800A0AF24 /* Build configuration list for PBXNativeTarget "Movies ListTests" */ = {
			isa = XCConfigurationList;
			buildConfigurations = (
				9A5A70B825AD2F3800A0AF24 /* Debug */,
				9A5A70B925AD2F3800A0AF24 /* Release */,
			);
			defaultConfigurationIsVisible = 0;
			defaultConfigurationName = Release;
		};
		9A5A70BA25AD2F3800A0AF24 /* Build configuration list for PBXNativeTarget "Movies ListUITests" */ = {
			isa = XCConfigurationList;
			buildConfigurations = (
				9A5A70BB25AD2F3800A0AF24 /* Debug */,
				9A5A70BC25AD2F3800A0AF24 /* Release */,
			);
			defaultConfigurationIsVisible = 0;
			defaultConfigurationName = Release;
		};
/* End XCConfigurationList section */
	};
	rootObject = 9A5A707D25AD2F3600A0AF24 /* Project object */;
}
